
Microsoft Visual Studio Solution File, Format Version 12.00
# Visual Studio 15
VisualStudioVersion = 15.0.27130.0
MinimumVisualStudioVersion = 10.0.40219.1
Project("{FAE04EC0-301F-11D3-BF4B-00C04F79EFBC}") = "CloverExamplePOS", "examples\CloverExamplePOS\CloverExamplePOS.csproj", "{79A038EB-1BFF-4410-B15F-5E73E06ACB2C}"
	ProjectSection(ProjectDependencies) = postProject
		{4030AC2F-4073-4F33-A529-6AF5B5D99B45} = {4030AC2F-4073-4F33-A529-6AF5B5D99B45}
		{B1DD9531-BE27-429D-9F22-494142378E21} = {B1DD9531-BE27-429D-9F22-494142378E21}
		{5683B1E1-3B02-4BD5-B340-158ADB613CB0} = {5683B1E1-3B02-4BD5-B340-158ADB613CB0}
	EndProjectSection
EndProject
Project("{FAE04EC0-301F-11D3-BF4B-00C04F79EFBC}") = "CloverConnector", "lib\CloverConnector\CloverConnector.csproj", "{5683B1E1-3B02-4BD5-B340-158ADB613CB0}"
	ProjectSection(ProjectDependencies) = postProject
		{4030AC2F-4073-4F33-A529-6AF5B5D99B45} = {4030AC2F-4073-4F33-A529-6AF5B5D99B45}
		{B1DD9531-BE27-429D-9F22-494142378E21} = {B1DD9531-BE27-429D-9F22-494142378E21}
	EndProjectSection
EndProject
Project("{FAE04EC0-301F-11D3-BF4B-00C04F79EFBC}") = "CloverWindowsSDK", "lib\CloverWindowsSDK\CloverWindowsSDK.csproj", "{B1DD9531-BE27-429D-9F22-494142378E21}"
EndProject
Project("{FAE04EC0-301F-11D3-BF4B-00C04F79EFBC}") = "CloverWindowsSDKWebSocketService", "services\CloverWindowsSDKWebSocketService\CloverWindowsSDKWebSocketService.csproj", "{2EBE51C8-99E5-4F78-8E22-C2EA732D5623}"
	ProjectSection(ProjectDependencies) = postProject
		{287D3F43-0D68-4A86-976E-05E6F99E029E} = {287D3F43-0D68-4A86-976E-05E6F99E029E}
		{0D8EAD98-B36F-4FD9-94C8-6A7A43EAAFEE} = {0D8EAD98-B36F-4FD9-94C8-6A7A43EAAFEE}
	EndProjectSection
EndProject
Project("{FAE04EC0-301F-11D3-BF4B-00C04F79EFBC}") = "CloverWindowsTransport", "lib\CloverWindowsTransport\CloverWindowsTransport.csproj", "{4030AC2F-4073-4F33-A529-6AF5B5D99B45}"
	ProjectSection(ProjectDependencies) = postProject
		{B1DD9531-BE27-429D-9F22-494142378E21} = {B1DD9531-BE27-429D-9F22-494142378E21}
	EndProjectSection
EndProject
Project("{FAE04EC0-301F-11D3-BF4B-00C04F79EFBC}") = "CloverWindowsSDKRESTService", "services\CloverWindowsSDKRESTService\CloverWindowsSDKRESTService.csproj", "{0D8EAD98-B36F-4FD9-94C8-6A7A43EAAFEE}"
	ProjectSection(ProjectDependencies) = postProject
		{287D3F43-0D68-4A86-976E-05E6F99E029E} = {287D3F43-0D68-4A86-976E-05E6F99E029E}
	EndProjectSection
EndProject
Project("{FAE04EC0-301F-11D3-BF4B-00C04F79EFBC}") = "CloverWindowsSDKServiceClient", "services\shared\CloverWindowsSDKServiceClient.csproj", "{287D3F43-0D68-4A86-976E-05E6F99E029E}"
EndProject
Project("{FAE04EC0-301F-11D3-BF4B-00C04F79EFBC}") = "CloverStarterExample", "examples\CloverStarterExample\CloverStarterExample.csproj", "{2371CB10-542F-4208-B57D-35E46BE6D45E}"
EndProject
Global
	GlobalSection(SolutionConfigurationPlatforms) = preSolution
		DebugNet40|Any CPU = DebugNet40|Any CPU
		DebugNet40|x86 = DebugNet40|x86
		DebugNet45|Any CPU = DebugNet45|Any CPU
		DebugNet45|x86 = DebugNet45|x86
		ReleaseNet40|Any CPU = ReleaseNet40|Any CPU
		ReleaseNet40|x86 = ReleaseNet40|x86
		ReleaseNet45|Any CPU = ReleaseNet45|Any CPU
		ReleaseNet45|x86 = ReleaseNet45|x86
	EndGlobalSection
	GlobalSection(ProjectConfigurationPlatforms) = postSolution
		{79A038EB-1BFF-4410-B15F-5E73E06ACB2C}.DebugNet40|Any CPU.ActiveCfg = DebugNet40|Any CPU
		{79A038EB-1BFF-4410-B15F-5E73E06ACB2C}.DebugNet40|Any CPU.Build.0 = DebugNet40|Any CPU
		{79A038EB-1BFF-4410-B15F-5E73E06ACB2C}.DebugNet40|x86.ActiveCfg = DebugNet40|Any CPU
		{79A038EB-1BFF-4410-B15F-5E73E06ACB2C}.DebugNet40|x86.Build.0 = DebugNet40|Any CPU
		{79A038EB-1BFF-4410-B15F-5E73E06ACB2C}.DebugNet45|Any CPU.ActiveCfg = DebugNet45|Any CPU
		{79A038EB-1BFF-4410-B15F-5E73E06ACB2C}.DebugNet45|Any CPU.Build.0 = DebugNet45|Any CPU
		{79A038EB-1BFF-4410-B15F-5E73E06ACB2C}.DebugNet45|x86.ActiveCfg = DebugNet45|Any CPU
		{79A038EB-1BFF-4410-B15F-5E73E06ACB2C}.DebugNet45|x86.Build.0 = DebugNet45|Any CPU
		{79A038EB-1BFF-4410-B15F-5E73E06ACB2C}.ReleaseNet40|Any CPU.ActiveCfg = ReleaseNet40|Any CPU
		{79A038EB-1BFF-4410-B15F-5E73E06ACB2C}.ReleaseNet40|Any CPU.Build.0 = ReleaseNet40|Any CPU
		{79A038EB-1BFF-4410-B15F-5E73E06ACB2C}.ReleaseNet40|x86.ActiveCfg = ReleaseNet40|Any CPU
		{79A038EB-1BFF-4410-B15F-5E73E06ACB2C}.ReleaseNet40|x86.Build.0 = ReleaseNet40|Any CPU
		{79A038EB-1BFF-4410-B15F-5E73E06ACB2C}.ReleaseNet45|Any CPU.ActiveCfg = ReleaseNet45|Any CPU
		{79A038EB-1BFF-4410-B15F-5E73E06ACB2C}.ReleaseNet45|Any CPU.Build.0 = ReleaseNet45|Any CPU
		{79A038EB-1BFF-4410-B15F-5E73E06ACB2C}.ReleaseNet45|x86.ActiveCfg = ReleaseNet45|Any CPU
		{79A038EB-1BFF-4410-B15F-5E73E06ACB2C}.ReleaseNet45|x86.Build.0 = ReleaseNet45|Any CPU
		{5683B1E1-3B02-4BD5-B340-158ADB613CB0}.DebugNet40|Any CPU.ActiveCfg = DebugNet40|Any CPU
		{5683B1E1-3B02-4BD5-B340-158ADB613CB0}.DebugNet40|Any CPU.Build.0 = DebugNet40|Any CPU
		{5683B1E1-3B02-4BD5-B340-158ADB613CB0}.DebugNet40|x86.ActiveCfg = DebugNet40|Any CPU
		{5683B1E1-3B02-4BD5-B340-158ADB613CB0}.DebugNet40|x86.Build.0 = DebugNet40|Any CPU
		{5683B1E1-3B02-4BD5-B340-158ADB613CB0}.DebugNet45|Any CPU.ActiveCfg = DebugNet45|Any CPU
		{5683B1E1-3B02-4BD5-B340-158ADB613CB0}.DebugNet45|Any CPU.Build.0 = DebugNet45|Any CPU
		{5683B1E1-3B02-4BD5-B340-158ADB613CB0}.DebugNet45|x86.ActiveCfg = DebugNet45|Any CPU
		{5683B1E1-3B02-4BD5-B340-158ADB613CB0}.DebugNet45|x86.Build.0 = DebugNet45|Any CPU
		{5683B1E1-3B02-4BD5-B340-158ADB613CB0}.ReleaseNet40|Any CPU.ActiveCfg = ReleaseNet40|Any CPU
		{5683B1E1-3B02-4BD5-B340-158ADB613CB0}.ReleaseNet40|Any CPU.Build.0 = ReleaseNet40|Any CPU
		{5683B1E1-3B02-4BD5-B340-158ADB613CB0}.ReleaseNet40|x86.ActiveCfg = ReleaseNet40|Any CPU
		{5683B1E1-3B02-4BD5-B340-158ADB613CB0}.ReleaseNet40|x86.Build.0 = ReleaseNet40|Any CPU
		{5683B1E1-3B02-4BD5-B340-158ADB613CB0}.ReleaseNet45|Any CPU.ActiveCfg = ReleaseNet45|Any CPU
		{5683B1E1-3B02-4BD5-B340-158ADB613CB0}.ReleaseNet45|Any CPU.Build.0 = ReleaseNet45|Any CPU
		{5683B1E1-3B02-4BD5-B340-158ADB613CB0}.ReleaseNet45|x86.ActiveCfg = ReleaseNet45|Any CPU
		{5683B1E1-3B02-4BD5-B340-158ADB613CB0}.ReleaseNet45|x86.Build.0 = ReleaseNet45|Any CPU
		{B1DD9531-BE27-429D-9F22-494142378E21}.DebugNet40|Any CPU.ActiveCfg = DebugNet40|Any CPU
		{B1DD9531-BE27-429D-9F22-494142378E21}.DebugNet40|Any CPU.Build.0 = DebugNet40|Any CPU
		{B1DD9531-BE27-429D-9F22-494142378E21}.DebugNet40|x86.ActiveCfg = DebugNet40|Any CPU
		{B1DD9531-BE27-429D-9F22-494142378E21}.DebugNet40|x86.Build.0 = DebugNet40|Any CPU
		{B1DD9531-BE27-429D-9F22-494142378E21}.DebugNet45|Any CPU.ActiveCfg = DebugNet45|Any CPU
		{B1DD9531-BE27-429D-9F22-494142378E21}.DebugNet45|Any CPU.Build.0 = DebugNet45|Any CPU
		{B1DD9531-BE27-429D-9F22-494142378E21}.DebugNet45|x86.ActiveCfg = DebugNet45|Any CPU
		{B1DD9531-BE27-429D-9F22-494142378E21}.DebugNet45|x86.Build.0 = DebugNet45|Any CPU
		{B1DD9531-BE27-429D-9F22-494142378E21}.ReleaseNet40|Any CPU.ActiveCfg = ReleaseNet40|Any CPU
		{B1DD9531-BE27-429D-9F22-494142378E21}.ReleaseNet40|Any CPU.Build.0 = ReleaseNet40|Any CPU
		{B1DD9531-BE27-429D-9F22-494142378E21}.ReleaseNet40|x86.ActiveCfg = ReleaseNet40|Any CPU
		{B1DD9531-BE27-429D-9F22-494142378E21}.ReleaseNet40|x86.Build.0 = ReleaseNet40|Any CPU
		{B1DD9531-BE27-429D-9F22-494142378E21}.ReleaseNet45|Any CPU.ActiveCfg = ReleaseNet45|Any CPU
		{B1DD9531-BE27-429D-9F22-494142378E21}.ReleaseNet45|Any CPU.Build.0 = ReleaseNet45|Any CPU
		{B1DD9531-BE27-429D-9F22-494142378E21}.ReleaseNet45|x86.ActiveCfg = ReleaseNet45|Any CPU
		{B1DD9531-BE27-429D-9F22-494142378E21}.ReleaseNet45|x86.Build.0 = ReleaseNet45|Any CPU
		{2EBE51C8-99E5-4F78-8E22-C2EA732D5623}.DebugNet40|Any CPU.ActiveCfg = DebugNet40|Any CPU
		{2EBE51C8-99E5-4F78-8E22-C2EA732D5623}.DebugNet40|Any CPU.Build.0 = DebugNet40|Any CPU
		{2EBE51C8-99E5-4F78-8E22-C2EA732D5623}.DebugNet40|x86.ActiveCfg = DebugNet40|Any CPU
		{2EBE51C8-99E5-4F78-8E22-C2EA732D5623}.DebugNet40|x86.Build.0 = DebugNet40|Any CPU
		{2EBE51C8-99E5-4F78-8E22-C2EA732D5623}.DebugNet45|Any CPU.ActiveCfg = DebugNet45|Any CPU
		{2EBE51C8-99E5-4F78-8E22-C2EA732D5623}.DebugNet45|Any CPU.Build.0 = DebugNet45|Any CPU
		{2EBE51C8-99E5-4F78-8E22-C2EA732D5623}.DebugNet45|x86.ActiveCfg = DebugNet45|Any CPU
		{2EBE51C8-99E5-4F78-8E22-C2EA732D5623}.DebugNet45|x86.Build.0 = DebugNet45|Any CPU
		{2EBE51C8-99E5-4F78-8E22-C2EA732D5623}.ReleaseNet40|Any CPU.ActiveCfg = ReleaseNet40|Any CPU
		{2EBE51C8-99E5-4F78-8E22-C2EA732D5623}.ReleaseNet40|Any CPU.Build.0 = ReleaseNet40|Any CPU
		{2EBE51C8-99E5-4F78-8E22-C2EA732D5623}.ReleaseNet40|x86.ActiveCfg = ReleaseNet40|Any CPU
		{2EBE51C8-99E5-4F78-8E22-C2EA732D5623}.ReleaseNet40|x86.Build.0 = ReleaseNet40|Any CPU
		{2EBE51C8-99E5-4F78-8E22-C2EA732D5623}.ReleaseNet45|Any CPU.ActiveCfg = ReleaseNet45|Any CPU
		{2EBE51C8-99E5-4F78-8E22-C2EA732D5623}.ReleaseNet45|Any CPU.Build.0 = ReleaseNet45|Any CPU
		{2EBE51C8-99E5-4F78-8E22-C2EA732D5623}.ReleaseNet45|x86.ActiveCfg = ReleaseNet45|Any CPU
		{2EBE51C8-99E5-4F78-8E22-C2EA732D5623}.ReleaseNet45|x86.Build.0 = ReleaseNet45|Any CPU
		{4030AC2F-4073-4F33-A529-6AF5B5D99B45}.DebugNet40|Any CPU.ActiveCfg = DebugNet40|Any CPU
		{4030AC2F-4073-4F33-A529-6AF5B5D99B45}.DebugNet40|Any CPU.Build.0 = DebugNet40|Any CPU
		{4030AC2F-4073-4F33-A529-6AF5B5D99B45}.DebugNet40|x86.ActiveCfg = DebugNet40|x86
		{4030AC2F-4073-4F33-A529-6AF5B5D99B45}.DebugNet40|x86.Build.0 = DebugNet40|x86
		{4030AC2F-4073-4F33-A529-6AF5B5D99B45}.DebugNet45|Any CPU.ActiveCfg = DebugNet45|Any CPU
		{4030AC2F-4073-4F33-A529-6AF5B5D99B45}.DebugNet45|Any CPU.Build.0 = DebugNet45|Any CPU
		{4030AC2F-4073-4F33-A529-6AF5B5D99B45}.DebugNet45|x86.ActiveCfg = DebugNet45|x86
		{4030AC2F-4073-4F33-A529-6AF5B5D99B45}.DebugNet45|x86.Build.0 = DebugNet45|x86
		{4030AC2F-4073-4F33-A529-6AF5B5D99B45}.ReleaseNet40|Any CPU.ActiveCfg = ReleaseNet40|Any CPU
		{4030AC2F-4073-4F33-A529-6AF5B5D99B45}.ReleaseNet40|Any CPU.Build.0 = ReleaseNet40|Any CPU
		{4030AC2F-4073-4F33-A529-6AF5B5D99B45}.ReleaseNet40|x86.ActiveCfg = ReleaseNet40|x86
		{4030AC2F-4073-4F33-A529-6AF5B5D99B45}.ReleaseNet40|x86.Build.0 = ReleaseNet40|x86
		{4030AC2F-4073-4F33-A529-6AF5B5D99B45}.ReleaseNet45|Any CPU.ActiveCfg = ReleaseNet45|Any CPU
		{4030AC2F-4073-4F33-A529-6AF5B5D99B45}.ReleaseNet45|Any CPU.Build.0 = ReleaseNet45|Any CPU
		{4030AC2F-4073-4F33-A529-6AF5B5D99B45}.ReleaseNet45|x86.ActiveCfg = ReleaseNet45|x86
		{4030AC2F-4073-4F33-A529-6AF5B5D99B45}.ReleaseNet45|x86.Build.0 = ReleaseNet45|x86
		{0D8EAD98-B36F-4FD9-94C8-6A7A43EAAFEE}.DebugNet40|Any CPU.ActiveCfg = DebugNet40|Any CPU
		{0D8EAD98-B36F-4FD9-94C8-6A7A43EAAFEE}.DebugNet40|Any CPU.Build.0 = DebugNet40|Any CPU
		{0D8EAD98-B36F-4FD9-94C8-6A7A43EAAFEE}.DebugNet40|x86.ActiveCfg = DebugNet40|Any CPU
		{0D8EAD98-B36F-4FD9-94C8-6A7A43EAAFEE}.DebugNet40|x86.Build.0 = DebugNet40|Any CPU
		{0D8EAD98-B36F-4FD9-94C8-6A7A43EAAFEE}.DebugNet45|Any CPU.ActiveCfg = DebugNet45|Any CPU
		{0D8EAD98-B36F-4FD9-94C8-6A7A43EAAFEE}.DebugNet45|Any CPU.Build.0 = DebugNet45|Any CPU
		{0D8EAD98-B36F-4FD9-94C8-6A7A43EAAFEE}.DebugNet45|x86.ActiveCfg = DebugNet45|Any CPU
		{0D8EAD98-B36F-4FD9-94C8-6A7A43EAAFEE}.DebugNet45|x86.Build.0 = DebugNet45|Any CPU
		{0D8EAD98-B36F-4FD9-94C8-6A7A43EAAFEE}.ReleaseNet40|Any CPU.ActiveCfg = ReleaseNet40|Any CPU
		{0D8EAD98-B36F-4FD9-94C8-6A7A43EAAFEE}.ReleaseNet40|Any CPU.Build.0 = ReleaseNet40|Any CPU
		{0D8EAD98-B36F-4FD9-94C8-6A7A43EAAFEE}.ReleaseNet40|x86.ActiveCfg = ReleaseNet40|Any CPU
		{0D8EAD98-B36F-4FD9-94C8-6A7A43EAAFEE}.ReleaseNet40|x86.Build.0 = ReleaseNet40|Any CPU
		{0D8EAD98-B36F-4FD9-94C8-6A7A43EAAFEE}.ReleaseNet45|Any CPU.ActiveCfg = ReleaseNet45|Any CPU
		{0D8EAD98-B36F-4FD9-94C8-6A7A43EAAFEE}.ReleaseNet45|Any CPU.Build.0 = ReleaseNet45|Any CPU
		{0D8EAD98-B36F-4FD9-94C8-6A7A43EAAFEE}.ReleaseNet45|x86.ActiveCfg = ReleaseNet45|Any CPU
		{0D8EAD98-B36F-4FD9-94C8-6A7A43EAAFEE}.ReleaseNet45|x86.Build.0 = ReleaseNet45|Any CPU
		{287D3F43-0D68-4A86-976E-05E6F99E029E}.DebugNet40|Any CPU.ActiveCfg = DebugNet40|Any CPU
		{287D3F43-0D68-4A86-976E-05E6F99E029E}.DebugNet40|Any CPU.Build.0 = DebugNet40|Any CPU
		{287D3F43-0D68-4A86-976E-05E6F99E029E}.DebugNet40|x86.ActiveCfg = DebugNet40|Any CPU
		{287D3F43-0D68-4A86-976E-05E6F99E029E}.DebugNet40|x86.Build.0 = DebugNet40|Any CPU
		{287D3F43-0D68-4A86-976E-05E6F99E029E}.DebugNet45|Any CPU.ActiveCfg = DebugNet45|Any CPU
		{287D3F43-0D68-4A86-976E-05E6F99E029E}.DebugNet45|Any CPU.Build.0 = DebugNet45|Any CPU
		{287D3F43-0D68-4A86-976E-05E6F99E029E}.DebugNet45|x86.ActiveCfg = DebugNet45|Any CPU
		{287D3F43-0D68-4A86-976E-05E6F99E029E}.DebugNet45|x86.Build.0 = DebugNet45|Any CPU
		{287D3F43-0D68-4A86-976E-05E6F99E029E}.ReleaseNet40|Any CPU.ActiveCfg = ReleaseNet40|Any CPU
		{287D3F43-0D68-4A86-976E-05E6F99E029E}.ReleaseNet40|Any CPU.Build.0 = ReleaseNet40|Any CPU
		{287D3F43-0D68-4A86-976E-05E6F99E029E}.ReleaseNet40|x86.ActiveCfg = ReleaseNet40|Any CPU
		{287D3F43-0D68-4A86-976E-05E6F99E029E}.ReleaseNet40|x86.Build.0 = ReleaseNet40|Any CPU
		{287D3F43-0D68-4A86-976E-05E6F99E029E}.ReleaseNet45|Any CPU.ActiveCfg = ReleaseNet45|Any CPU
		{287D3F43-0D68-4A86-976E-05E6F99E029E}.ReleaseNet45|Any CPU.Build.0 = ReleaseNet45|Any CPU
		{287D3F43-0D68-4A86-976E-05E6F99E029E}.ReleaseNet45|x86.ActiveCfg = ReleaseNet45|Any CPU
		{287D3F43-0D68-4A86-976E-05E6F99E029E}.ReleaseNet45|x86.Build.0 = ReleaseNet45|Any CPU
		{2371CB10-542F-4208-B57D-35E46BE6D45E}.DebugNet40|Any CPU.ActiveCfg = DebugNet40|Any CPU
		{2371CB10-542F-4208-B57D-35E46BE6D45E}.DebugNet40|Any CPU.Build.0 = DebugNet40|Any CPU
		{2371CB10-542F-4208-B57D-35E46BE6D45E}.DebugNet40|x86.ActiveCfg = DebugNet40|Any CPU
		{2371CB10-542F-4208-B57D-35E46BE6D45E}.DebugNet40|x86.Build.0 = DebugNet40|Any CPU
		{2371CB10-542F-4208-B57D-35E46BE6D45E}.DebugNet45|Any CPU.ActiveCfg = DebugNet45|Any CPU
		{2371CB10-542F-4208-B57D-35E46BE6D45E}.DebugNet45|Any CPU.Build.0 = DebugNet45|Any CPU
		{2371CB10-542F-4208-B57D-35E46BE6D45E}.DebugNet45|x86.ActiveCfg = DebugNet45|Any CPU
		{2371CB10-542F-4208-B57D-35E46BE6D45E}.DebugNet45|x86.Build.0 = DebugNet45|Any CPU
		{2371CB10-542F-4208-B57D-35E46BE6D45E}.ReleaseNet40|Any CPU.ActiveCfg = ReleaseNet40|Any CPU
		{2371CB10-542F-4208-B57D-35E46BE6D45E}.ReleaseNet40|Any CPU.Build.0 = ReleaseNet40|Any CPU
		{2371CB10-542F-4208-B57D-35E46BE6D45E}.ReleaseNet40|x86.ActiveCfg = ReleaseNet40|Any CPU
		{2371CB10-542F-4208-B57D-35E46BE6D45E}.ReleaseNet40|x86.Build.0 = ReleaseNet40|Any CPU
		{2371CB10-542F-4208-B57D-35E46BE6D45E}.ReleaseNet45|Any CPU.ActiveCfg = ReleaseNet45|Any CPU
		{2371CB10-542F-4208-B57D-35E46BE6D45E}.ReleaseNet45|Any CPU.Build.0 = ReleaseNet45|Any CPU
		{2371CB10-542F-4208-B57D-35E46BE6D45E}.ReleaseNet45|x86.ActiveCfg = ReleaseNet45|Any CPU
		{2371CB10-542F-4208-B57D-35E46BE6D45E}.ReleaseNet45|x86.Build.0 = ReleaseNet45|Any CPU
	EndGlobalSection
	GlobalSection(SolutionProperties) = preSolution
		HideSolutionNode = FALSE
	EndGlobalSection
	GlobalSection(ExtensibilityGlobals) = postSolution
		SolutionGuid = {DFC780F1-8C28-4B11-B989-F8016CCCED3F}
	EndGlobalSection
EndGlobal
