
Microsoft Visual Studio Solution File, Format Version 12.00
# Visual Studio 14
VisualStudioVersion = 14.0.24720.0
MinimumVisualStudioVersion = 10.0.40219.1
Project("{FAE04EC0-301F-11D3-BF4B-00C04F79EFBC}") = "CloverExamplePOS", "examples\CloverExamplePOS\CloverExamplePOS.csproj", "{79A038EB-1BFF-4410-B15F-5E73E06ACB2C}"
	ProjectSection(ProjectDependencies) = postProject
		{4030AC2F-4073-4F33-A529-6AF5B5D99B45} = {4030AC2F-4073-4F33-A529-6AF5B5D99B45}
		{B1DD9531-BE27-429D-9F22-494142378E21} = {B1DD9531-BE27-429D-9F22-494142378E21}
		{5683B1E1-3B02-4BD5-B340-158ADB613CB0} = {5683B1E1-3B02-4BD5-B340-158ADB613CB0}
	EndProjectSection
EndProject
Project("{FAE04EC0-301F-11D3-BF4B-00C04F79EFBC}") = "CloverConnector", "lib\CloverConnector\CloverConnector.csproj", "{5683B1E1-3B02-4BD5-B340-158ADB613CB0}"
	ProjectSection(ProjectDependencies) = postProject
		{4030AC2F-4073-4F33-A529-6AF5B5D99B45} = {4030AC2F-4073-4F33-A529-6AF5B5D99B45}
		{B1DD9531-BE27-429D-9F22-494142378E21} = {B1DD9531-BE27-429D-9F22-494142378E21}
	EndProjectSection
EndProject
Project("{FAE04EC0-301F-11D3-BF4B-00C04F79EFBC}") = "CloverWindowsSDK", "lib\CloverWindowsSDK\CloverWindowsSDK.csproj", "{B1DD9531-BE27-429D-9F22-494142378E21}"
EndProject
Project("{FAE04EC0-301F-11D3-BF4B-00C04F79EFBC}") = "CloverWindowsSDKWebSocketService", "services\CloverWindowsSDKWebSocketService\CloverWindowsSDKWebSocketService.csproj", "{2EBE51C8-99E5-4F78-8E22-C2EA732D5623}"
	ProjectSection(ProjectDependencies) = postProject
		{287D3F43-0D68-4A86-976E-05E6F99E029E} = {287D3F43-0D68-4A86-976E-05E6F99E029E}
		{0D8EAD98-B36F-4FD9-94C8-6A7A43EAAFEE} = {0D8EAD98-B36F-4FD9-94C8-6A7A43EAAFEE}
	EndProjectSection
EndProject
Project("{FAE04EC0-301F-11D3-BF4B-00C04F79EFBC}") = "CloverWindowsTransport", "lib\CloverWindowsTransport\CloverWindowsTransport.csproj", "{4030AC2F-4073-4F33-A529-6AF5B5D99B45}"
	ProjectSection(ProjectDependencies) = postProject
		{B1DD9531-BE27-429D-9F22-494142378E21} = {B1DD9531-BE27-429D-9F22-494142378E21}
	EndProjectSection
EndProject
Project("{FAE04EC0-301F-11D3-BF4B-00C04F79EFBC}") = "CloverWindowsSDKRESTService", "services\CloverWindowsSDKRESTService\CloverWindowsSDKRESTService.csproj", "{0D8EAD98-B36F-4FD9-94C8-6A7A43EAAFEE}"
	ProjectSection(ProjectDependencies) = postProject
		{287D3F43-0D68-4A86-976E-05E6F99E029E} = {287D3F43-0D68-4A86-976E-05E6F99E029E}
	EndProjectSection
EndProject
Project("{FAE04EC0-301F-11D3-BF4B-00C04F79EFBC}") = "CloverWindowsSDKServiceClient", "services\shared\CloverWindowsSDKServiceClient.csproj", "{287D3F43-0D68-4A86-976E-05E6F99E029E}"
EndProject
Global
	GlobalSection(SolutionConfigurationPlatforms) = preSolution
		Debug|Any CPU = Debug|Any CPU
		Debug|x86 = Debug|x86
		Release|Any CPU = Release|Any CPU
		Release|x86 = Release|x86
	EndGlobalSection
	GlobalSection(ProjectConfigurationPlatforms) = postSolution
		{79A038EB-1BFF-4410-B15F-5E73E06ACB2C}.Debug|Any CPU.ActiveCfg = Debug|Any CPU
		{79A038EB-1BFF-4410-B15F-5E73E06ACB2C}.Debug|Any CPU.Build.0 = Debug|Any CPU
		{79A038EB-1BFF-4410-B15F-5E73E06ACB2C}.Debug|x86.ActiveCfg = Debug|Any CPU
		{79A038EB-1BFF-4410-B15F-5E73E06ACB2C}.Debug|x86.Build.0 = Debug|Any CPU
		{79A038EB-1BFF-4410-B15F-5E73E06ACB2C}.Release|Any CPU.ActiveCfg = Release|Any CPU
		{79A038EB-1BFF-4410-B15F-5E73E06ACB2C}.Release|Any CPU.Build.0 = Release|Any CPU
		{79A038EB-1BFF-4410-B15F-5E73E06ACB2C}.Release|x86.ActiveCfg = Release|Any CPU
		{79A038EB-1BFF-4410-B15F-5E73E06ACB2C}.Release|x86.Build.0 = Release|Any CPU
		{5683B1E1-3B02-4BD5-B340-158ADB613CB0}.Debug|Any CPU.ActiveCfg = Debug|Any CPU
		{5683B1E1-3B02-4BD5-B340-158ADB613CB0}.Debug|Any CPU.Build.0 = Debug|Any CPU
		{5683B1E1-3B02-4BD5-B340-158ADB613CB0}.Debug|x86.ActiveCfg = Debug|Any CPU
		{5683B1E1-3B02-4BD5-B340-158ADB613CB0}.Debug|x86.Build.0 = Debug|Any CPU
		{5683B1E1-3B02-4BD5-B340-158ADB613CB0}.Release|Any CPU.ActiveCfg = Release|Any CPU
		{5683B1E1-3B02-4BD5-B340-158ADB613CB0}.Release|Any CPU.Build.0 = Release|Any CPU
		{5683B1E1-3B02-4BD5-B340-158ADB613CB0}.Release|x86.ActiveCfg = Release|Any CPU
		{5683B1E1-3B02-4BD5-B340-158ADB613CB0}.Release|x86.Build.0 = Release|Any CPU
		{B1DD9531-BE27-429D-9F22-494142378E21}.Debug|Any CPU.ActiveCfg = Debug|Any CPU
		{B1DD9531-BE27-429D-9F22-494142378E21}.Debug|Any CPU.Build.0 = Debug|Any CPU
		{B1DD9531-BE27-429D-9F22-494142378E21}.Debug|x86.ActiveCfg = Debug|Any CPU
		{B1DD9531-BE27-429D-9F22-494142378E21}.Debug|x86.Build.0 = Debug|Any CPU
		{B1DD9531-BE27-429D-9F22-494142378E21}.Release|Any CPU.ActiveCfg = Release|Any CPU
		{B1DD9531-BE27-429D-9F22-494142378E21}.Release|Any CPU.Build.0 = Release|Any CPU
		{B1DD9531-BE27-429D-9F22-494142378E21}.Release|x86.ActiveCfg = Release|Any CPU
		{B1DD9531-BE27-429D-9F22-494142378E21}.Release|x86.Build.0 = Release|Any CPU
		{2EBE51C8-99E5-4F78-8E22-C2EA732D5623}.Debug|Any CPU.ActiveCfg = Debug|Any CPU
		{2EBE51C8-99E5-4F78-8E22-C2EA732D5623}.Debug|Any CPU.Build.0 = Debug|Any CPU
		{2EBE51C8-99E5-4F78-8E22-C2EA732D5623}.Debug|x86.ActiveCfg = Debug|Any CPU
		{2EBE51C8-99E5-4F78-8E22-C2EA732D5623}.Release|Any CPU.ActiveCfg = Release|Any CPU
		{2EBE51C8-99E5-4F78-8E22-C2EA732D5623}.Release|Any CPU.Build.0 = Release|Any CPU
		{2EBE51C8-99E5-4F78-8E22-C2EA732D5623}.Release|x86.ActiveCfg = Release|Any CPU
		{4030AC2F-4073-4F33-A529-6AF5B5D99B45}.Debug|Any CPU.ActiveCfg = Debug|Any CPU
		{4030AC2F-4073-4F33-A529-6AF5B5D99B45}.Debug|Any CPU.Build.0 = Debug|Any CPU
		{4030AC2F-4073-4F33-A529-6AF5B5D99B45}.Debug|x86.ActiveCfg = Debug|x86
		{4030AC2F-4073-4F33-A529-6AF5B5D99B45}.Debug|x86.Build.0 = Debug|x86
		{4030AC2F-4073-4F33-A529-6AF5B5D99B45}.Release|Any CPU.ActiveCfg = Release|Any CPU
		{4030AC2F-4073-4F33-A529-6AF5B5D99B45}.Release|Any CPU.Build.0 = Release|Any CPU
		{4030AC2F-4073-4F33-A529-6AF5B5D99B45}.Release|x86.ActiveCfg = Release|x86
		{4030AC2F-4073-4F33-A529-6AF5B5D99B45}.Release|x86.Build.0 = Release|x86
		{0D8EAD98-B36F-4FD9-94C8-6A7A43EAAFEE}.Debug|Any CPU.ActiveCfg = Debug|Any CPU
		{0D8EAD98-B36F-4FD9-94C8-6A7A43EAAFEE}.Debug|Any CPU.Build.0 = Debug|Any CPU
		{0D8EAD98-B36F-4FD9-94C8-6A7A43EAAFEE}.Debug|x86.ActiveCfg = Debug|Any CPU
		{0D8EAD98-B36F-4FD9-94C8-6A7A43EAAFEE}.Release|Any CPU.ActiveCfg = Release|Any CPU
		{0D8EAD98-B36F-4FD9-94C8-6A7A43EAAFEE}.Release|Any CPU.Build.0 = Release|Any CPU
		{0D8EAD98-B36F-4FD9-94C8-6A7A43EAAFEE}.Release|x86.ActiveCfg = Release|Any CPU
		{287D3F43-0D68-4A86-976E-05E6F99E029E}.Debug|Any CPU.ActiveCfg = Debug|Any CPU
		{287D3F43-0D68-4A86-976E-05E6F99E029E}.Debug|Any CPU.Build.0 = Debug|Any CPU
		{287D3F43-0D68-4A86-976E-05E6F99E029E}.Debug|x86.ActiveCfg = Debug|Any CPU
		{287D3F43-0D68-4A86-976E-05E6F99E029E}.Debug|x86.Build.0 = Debug|Any CPU
		{287D3F43-0D68-4A86-976E-05E6F99E029E}.Release|Any CPU.ActiveCfg = Release|Any CPU
		{287D3F43-0D68-4A86-976E-05E6F99E029E}.Release|Any CPU.Build.0 = Release|Any CPU
		{287D3F43-0D68-4A86-976E-05E6F99E029E}.Release|x86.ActiveCfg = Release|Any CPU
		{287D3F43-0D68-4A86-976E-05E6F99E029E}.Release|x86.Build.0 = Release|Any CPU
	EndGlobalSection
	GlobalSection(SolutionProperties) = preSolution
		HideSolutionNode = FALSE
	EndGlobalSection
EndGlobal
